
Microsoft Visual Studio Solution File, Format Version 12.00
# Visual Studio Version 17
VisualStudioVersion = 17.9.34701.34
MinimumVisualStudioVersion = 10.0.40219.1
Project("{9A19103F-16F7-4668-BE54-9A1E7A4F7556}") = "TelegramBot", "TelegramBot\TelegramBot.csproj", "{830DD121-CD2C-43C7-9B19-F1379CA76342}"
EndProject
Project("{9A19103F-16F7-4668-BE54-9A1E7A4F7556}") = "TelegramInteraction", "TelegramInteraction\TelegramInteraction.csproj", "{13D09C16-9852-4CA7-8A13-7BB01144B1B2}"
EndProject
Project("{9A19103F-16F7-4668-BE54-9A1E7A4F7556}") = "TelegramBot.Data", "TelegramBot.Data\TelegramBot.Data.csproj", "{E57F9E21-DF3F-4276-93A9-8E2B7A668A77}"
EndProject
Project("{9A19103F-16F7-4668-BE54-9A1E7A4F7556}") = "TelegramBot.Domain", "TelegramBot.Domain\TelegramBot.Domain.csproj", "{2D61B185-2FC9-4807-8315-AB63A567098C}"
EndProject
Project("{9A19103F-16F7-4668-BE54-9A1E7A4F7556}") = "TelegramBot.DbFirst", "TelegramBot.DbFirst\TelegramBot.DbFirst.csproj", "{851534A7-C01E-4505-AA52-FAD9B430D747}"
EndProject
Global
	GlobalSection(SolutionConfigurationPlatforms) = preSolution
		Debug|Any CPU = Debug|Any CPU
		Release|Any CPU = Release|Any CPU
	EndGlobalSection
	GlobalSection(ProjectConfigurationPlatforms) = postSolution
		{830DD121-CD2C-43C7-9B19-F1379CA76342}.Debug|Any CPU.ActiveCfg = Debug|Any CPU
		{830DD121-CD2C-43C7-9B19-F1379CA76342}.Debug|Any CPU.Build.0 = Debug|Any CPU
		{830DD121-CD2C-43C7-9B19-F1379CA76342}.Release|Any CPU.ActiveCfg = Release|Any CPU
		{830DD121-CD2C-43C7-9B19-F1379CA76342}.Release|Any CPU.Build.0 = Release|Any CPU
		{13D09C16-9852-4CA7-8A13-7BB01144B1B2}.Debug|Any CPU.ActiveCfg = Debug|Any CPU
		{13D09C16-9852-4CA7-8A13-7BB01144B1B2}.Debug|Any CPU.Build.0 = Debug|Any CPU
		{13D09C16-9852-4CA7-8A13-7BB01144B1B2}.Release|Any CPU.ActiveCfg = Release|Any CPU
		{13D09C16-9852-4CA7-8A13-7BB01144B1B2}.Release|Any CPU.Build.0 = Release|Any CPU
		{E57F9E21-DF3F-4276-93A9-8E2B7A668A77}.Debug|Any CPU.ActiveCfg = Debug|Any CPU
		{E57F9E21-DF3F-4276-93A9-8E2B7A668A77}.Debug|Any CPU.Build.0 = Debug|Any CPU
		{E57F9E21-DF3F-4276-93A9-8E2B7A668A77}.Release|Any CPU.ActiveCfg = Release|Any CPU
		{E57F9E21-DF3F-4276-93A9-8E2B7A668A77}.Release|Any CPU.Build.0 = Release|Any CPU
		{2D61B185-2FC9-4807-8315-AB63A567098C}.Debug|Any CPU.ActiveCfg = Debug|Any CPU
		{2D61B185-2FC9-4807-8315-AB63A567098C}.Debug|Any CPU.Build.0 = Debug|Any CPU
		{2D61B185-2FC9-4807-8315-AB63A567098C}.Release|Any CPU.ActiveCfg = Release|Any CPU
		{2D61B185-2FC9-4807-8315-AB63A567098C}.Release|Any CPU.Build.0 = Release|Any CPU
		{851534A7-C01E-4505-AA52-FAD9B430D747}.Debug|Any CPU.ActiveCfg = Debug|Any CPU
		{851534A7-C01E-4505-AA52-FAD9B430D747}.Debug|Any CPU.Build.0 = Debug|Any CPU
		{851534A7-C01E-4505-AA52-FAD9B430D747}.Release|Any CPU.ActiveCfg = Release|Any CPU
		{851534A7-C01E-4505-AA52-FAD9B430D747}.Release|Any CPU.Build.0 = Release|Any CPU
	EndGlobalSection
	GlobalSection(SolutionProperties) = preSolution
		HideSolutionNode = FALSE
	EndGlobalSection
	GlobalSection(ExtensibilityGlobals) = postSolution
		SolutionGuid = {51DB94A8-CF6F-4048-8165-300158996755}
	EndGlobalSection
EndGlobal
